// !$*UTF8*$!
{
	archiveVersion = 1;
	classes = {
	};
	objectVersion = 77;
	objects = {

/* Begin PBXBuildFile section */
		A33E57AF2E0952C800A148FE /* ContentViewModel.swift in Sources */ = {isa = PBXBuildFile; fileRef = A33E57A92E0952C800A148FE /* ContentViewModel.swift */; };
		A33E57C92E09F5E000A148FE /* TemperatureConversorWatchApp Watch App.app in Embed Watch Content */ = {isa = PBXBuildFile; fileRef = A33E57BC2E09F5C900A148FE /* TemperatureConversorWatchApp Watch App.app */; settings = {ATTRIBUTES = (RemoveHeadersOnCopy, ); }; };
		A33E57FB2E09FA8B00A148FE /* LocationManager.swift in Sources */ = {isa = PBXBuildFile; fileRef = A33E57F52E09FA8B00A148FE /* LocationManager.swift */; };
		A33E580B2E09FAF800A148FE /* ContentViewModel.swift in Sources */ = {isa = PBXBuildFile; fileRef = A33E57A92E0952C800A148FE /* ContentViewModel.swift */; };
		A33E58162E09FBAD00A148FE /* LocationManager.swift in Sources */ = {isa = PBXBuildFile; fileRef = A33E57F52E09FA8B00A148FE /* LocationManager.swift */; };
		A33E581E2E09FC9D00A148FE /* Assets.xcassets in Resources */ = {isa = PBXBuildFile; fileRef = A33E58192E09FC9D00A148FE /* Assets.xcassets */; };
		A33E58212E09FC9D00A148FE /* WatchUnitSelectionView.swift in Sources */ = {isa = PBXBuildFile; fileRef = A33E581C2E09FC9D00A148FE /* WatchUnitSelectionView.swift */; };
		A33E583C2E09FDB800A148FE /* WatchPreviewView.swift in Sources */ = {isa = PBXBuildFile; fileRef = A33E583B2E09FDB600A148FE /* WatchPreviewView.swift */; };
		A33E583D2E09FDB800A148FE /* WatchPreviewView.swift in Sources */ = {isa = PBXBuildFile; fileRef = A33E583B2E09FDB600A148FE /* WatchPreviewView.swift */; };
		A33E583E2E09FDEE00A148FE /* WatchUnitSelectionView.swift in Sources */ = {isa = PBXBuildFile; fileRef = A33E581C2E09FC9D00A148FE /* WatchUnitSelectionView.swift */; };
		A33E58402E09FE5200A148FE /* Color+AppColors.swift in Sources */ = {isa = PBXBuildFile; fileRef = A33E583F2E09FE4900A148FE /* Color+AppColors.swift */; };
		A33E58412E09FE5200A148FE /* Color+AppColors.swift in Sources */ = {isa = PBXBuildFile; fileRef = A33E583F2E09FE4900A148FE /* Color+AppColors.swift */; };
		A33E58422E09FF0F00A148FE /* Assets.xcassets in Resources */ = {isa = PBXBuildFile; fileRef = A33E58192E09FC9D00A148FE /* Assets.xcassets */; };
/* End PBXBuildFile section */

/* Begin PBXContainerItemProxy section */
		A33E57C72E09F5E000A148FE /* PBXContainerItemProxy */ = {
			isa = PBXContainerItemProxy;
			containerPortal = A30DC1622E05FB140090869B /* Project object */;
			proxyType = 1;
			remoteGlobalIDString = A33E57BB2E09F5C900A148FE;
			remoteInfo = "TemperatureConversorWatchApp Watch App";
		};
/* End PBXContainerItemProxy section */

/* Begin PBXCopyFilesBuildPhase section */
		A33E57CD2E09F5E000A148FE /* Embed Watch Content */ = {
			isa = PBXCopyFilesBuildPhase;
			buildActionMask = 2147483647;
			dstPath = "$(CONTENTS_FOLDER_PATH)/Watch";
			dstSubfolderSpec = 16;
			files = (
				A33E57C92E09F5E000A148FE /* TemperatureConversorWatchApp Watch App.app in Embed Watch Content */,
			);
			name = "Embed Watch Content";
			runOnlyForDeploymentPostprocessing = 0;
		};
/* End PBXCopyFilesBuildPhase section */

/* Begin PBXFileReference section */
		A30DC16A2E05FB140090869B /* TemperatureConversor.app */ = {isa = PBXFileReference; explicitFileType = wrapper.application; includeInIndex = 0; path = TemperatureConversor.app; sourceTree = BUILT_PRODUCTS_DIR; };
		A33E57A92E0952C800A148FE /* ContentViewModel.swift */ = {isa = PBXFileReference; lastKnownFileType = sourcecode.swift; path = ContentViewModel.swift; sourceTree = "<group>"; };
		A33E57BC2E09F5C900A148FE /* TemperatureConversorWatchApp Watch App.app */ = {isa = PBXFileReference; explicitFileType = wrapper.application; includeInIndex = 0; path = "TemperatureConversorWatchApp Watch App.app"; sourceTree = BUILT_PRODUCTS_DIR; };
		A33E57F52E09FA8B00A148FE /* LocationManager.swift */ = {isa = PBXFileReference; lastKnownFileType = sourcecode.swift; path = LocationManager.swift; sourceTree = "<group>"; };
		A33E58192E09FC9D00A148FE /* Assets.xcassets */ = {isa = PBXFileReference; lastKnownFileType = folder.assetcatalog; path = Assets.xcassets; sourceTree = "<group>"; };
		A33E581C2E09FC9D00A148FE /* WatchUnitSelectionView.swift */ = {isa = PBXFileReference; lastKnownFileType = sourcecode.swift; path = WatchUnitSelectionView.swift; sourceTree = "<group>"; };
		A33E583B2E09FDB600A148FE /* WatchPreviewView.swift */ = {isa = PBXFileReference; lastKnownFileType = sourcecode.swift; path = WatchPreviewView.swift; sourceTree = "<group>"; };
		A33E583F2E09FE4900A148FE /* Color+AppColors.swift */ = {isa = PBXFileReference; lastKnownFileType = sourcecode.swift; path = "Color+AppColors.swift"; sourceTree = "<group>"; };
/* End PBXFileReference section */

/* Begin PBXFileSystemSynchronizedBuildFileExceptionSet section */
		A33E58132E09FB7100A148FE /* Exceptions for "Services" folder in "TemperatureConversorWatchApp Watch App" target */ = {
			isa = PBXFileSystemSynchronizedBuildFileExceptionSet;
			membershipExceptions = (
				WeatherService.swift,
			);
			target = A33E57BB2E09F5C900A148FE /* TemperatureConversorWatchApp Watch App */;
		};
		A33E58152E09FB7700A148FE /* Exceptions for "Models" folder in "TemperatureConversorWatchApp Watch App" target */ = {
			isa = PBXFileSystemSynchronizedBuildFileExceptionSet;
			membershipExceptions = (
				WeatherModels.swift,
			);
			target = A33E57BB2E09F5C900A148FE /* TemperatureConversorWatchApp Watch App */;
		};
/* End PBXFileSystemSynchronizedBuildFileExceptionSet section */

/* Begin PBXFileSystemSynchronizedRootGroup section */
		A30DC16C2E05FB140090869B /* TemperatureConversor */ = {
			isa = PBXFileSystemSynchronizedRootGroup;
			path = TemperatureConversor;
			sourceTree = "<group>";
		};
		A33E57BD2E09F5C900A148FE /* TemperatureConversorWatchApp Watch App */ = {
			isa = PBXFileSystemSynchronizedRootGroup;
			path = "TemperatureConversorWatchApp Watch App";
			sourceTree = "<group>";
		};
		A33E580D2E09FB4A00A148FE /* Services */ = {
			isa = PBXFileSystemSynchronizedRootGroup;
			exceptions = (
				A33E58132E09FB7100A148FE /* Exceptions for "Services" folder in "TemperatureConversorWatchApp Watch App" target */,
			);
			path = Services;
			sourceTree = "<group>";
		};
		A33E58102E09FB6600A148FE /* Models */ = {
			isa = PBXFileSystemSynchronizedRootGroup;
			exceptions = (
				A33E58152E09FB7700A148FE /* Exceptions for "Models" folder in "TemperatureConversorWatchApp Watch App" target */,
			);
			path = Models;
			sourceTree = "<group>";
		};
/* End PBXFileSystemSynchronizedRootGroup section */

/* Begin PBXFrameworksBuildPhase section */
		A30DC1672E05FB140090869B /* Frameworks */ = {
			isa = PBXFrameworksBuildPhase;
			buildActionMask = 2147483647;
			files = (
			);
			runOnlyForDeploymentPostprocessing = 0;
		};
		A33E57B92E09F5C900A148FE /* Frameworks */ = {
			isa = PBXFrameworksBuildPhase;
			buildActionMask = 2147483647;
			files = (
			);
			runOnlyForDeploymentPostprocessing = 0;
		};
/* End PBXFrameworksBuildPhase section */

/* Begin PBXGroup section */
		A30DC1612E05FB140090869B = {
			isa = PBXGroup;
			children = (
				A30DC16C2E05FB140090869B /* TemperatureConversor */,
				A33E57BD2E09F5C900A148FE /* TemperatureConversorWatchApp Watch App */,
				A30DC16B2E05FB140090869B /* Products */,
				A33E57CE2E09F8BA00A148FE /* Shared */,
			);
			sourceTree = "<group>";
		};
		A30DC16B2E05FB140090869B /* Products */ = {
			isa = PBXGroup;
			children = (
				A30DC16A2E05FB140090869B /* TemperatureConversor.app */,
				A33E57BC2E09F5C900A148FE /* TemperatureConversorWatchApp Watch App.app */,
			);
			name = Products;
			sourceTree = "<group>";
		};
		A33E57CE2E09F8BA00A148FE /* Shared */ = {
			isa = PBXGroup;
			children = (
				A33E583F2E09FE4900A148FE /* Color+AppColors.swift */,
				A33E583B2E09FDB600A148FE /* WatchPreviewView.swift */,
				A33E57A92E0952C800A148FE /* ContentViewModel.swift */,
				A33E580D2E09FB4A00A148FE /* Services */,
				A33E58102E09FB6600A148FE /* Models */,
				A33E57F52E09FA8B00A148FE /* LocationManager.swift */,
				A33E581C2E09FC9D00A148FE /* WatchUnitSelectionView.swift */,
				A33E58192E09FC9D00A148FE /* Assets.xcassets */,
			);
			path = Shared;
			sourceTree = "<group>";
		};
/* End PBXGroup section */

/* Begin PBXNativeTarget section */
		A30DC1692E05FB140090869B /* TemperatureConversor */ = {
			isa = PBXNativeTarget;
			buildConfigurationList = A30DC1782E05FB160090869B /* Build configuration list for PBXNativeTarget "TemperatureConversor" */;
			buildPhases = (
				A30DC1662E05FB140090869B /* Sources */,
				A30DC1672E05FB140090869B /* Frameworks */,
				A30DC1682E05FB140090869B /* Resources */,
				A33E57CD2E09F5E000A148FE /* Embed Watch Content */,
			);
			buildRules = (
			);
			dependencies = (
				A33E57C82E09F5E000A148FE /* PBXTargetDependency */,
			);
			fileSystemSynchronizedGroups = (
				A30DC16C2E05FB140090869B /* TemperatureConversor */,
				A33E580D2E09FB4A00A148FE /* Services */,
				A33E58102E09FB6600A148FE /* Models */,
			);
			name = TemperatureConversor;
			packageProductDependencies = (
			);
			productName = TemperatureConversor;
			productReference = A30DC16A2E05FB140090869B /* TemperatureConversor.app */;
			productType = "com.apple.product-type.application";
		};
		A33E57BB2E09F5C900A148FE /* TemperatureConversorWatchApp Watch App */ = {
			isa = PBXNativeTarget;
			buildConfigurationList = A33E57CA2E09F5E000A148FE /* Build configuration list for PBXNativeTarget "TemperatureConversorWatchApp Watch App" */;
			buildPhases = (
				A33E57B82E09F5C900A148FE /* Sources */,
				A33E57B92E09F5C900A148FE /* Frameworks */,
				A33E57BA2E09F5C900A148FE /* Resources */,
			);
			buildRules = (
			);
			dependencies = (
			);
			fileSystemSynchronizedGroups = (
				A33E57BD2E09F5C900A148FE /* TemperatureConversorWatchApp Watch App */,
			);
			name = "TemperatureConversorWatchApp Watch App";
			packageProductDependencies = (
			);
			productName = "TemperatureConversorWatchApp Watch App";
			productReference = A33E57BC2E09F5C900A148FE /* TemperatureConversorWatchApp Watch App.app */;
			productType = "com.apple.product-type.application";
		};
/* End PBXNativeTarget section */

/* Begin PBXProject section */
		A30DC1622E05FB140090869B /* Project object */ = {
			isa = PBXProject;
			attributes = {
				BuildIndependentTargetsInParallel = 1;
				LastSwiftUpdateCheck = 1620;
				LastUpgradeCheck = 1620;
				TargetAttributes = {
					A30DC1692E05FB140090869B = {
						CreatedOnToolsVersion = 16.2;
					};
					A33E57BB2E09F5C900A148FE = {
						CreatedOnToolsVersion = 16.2;
					};
				};
			};
			buildConfigurationList = A30DC1652E05FB140090869B /* Build configuration list for PBXProject "TemperatureConversor" */;
			developmentRegion = en;
			hasScannedForEncodings = 0;
			knownRegions = (
				en,
				Base,
			);
			mainGroup = A30DC1612E05FB140090869B;
			minimizedProjectReferenceProxies = 1;
			preferredProjectObjectVersion = 77;
			productRefGroup = A30DC16B2E05FB140090869B /* Products */;
			projectDirPath = "";
			projectRoot = "";
			targets = (
				A30DC1692E05FB140090869B /* TemperatureConversor */,
				A33E57BB2E09F5C900A148FE /* TemperatureConversorWatchApp Watch App */,
			);
		};
/* End PBXProject section */

/* Begin PBXResourcesBuildPhase section */
		A30DC1682E05FB140090869B /* Resources */ = {
			isa = PBXResourcesBuildPhase;
			buildActionMask = 2147483647;
			files = (
				A33E581E2E09FC9D00A148FE /* Assets.xcassets in Resources */,
			);
			runOnlyForDeploymentPostprocessing = 0;
		};
		A33E57BA2E09F5C900A148FE /* Resources */ = {
			isa = PBXResourcesBuildPhase;
			buildActionMask = 2147483647;
			files = (
				A33E58422E09FF0F00A148FE /* Assets.xcassets in Resources */,
			);
			runOnlyForDeploymentPostprocessing = 0;
		};
/* End PBXResourcesBuildPhase section */

/* Begin PBXSourcesBuildPhase section */
		A30DC1662E05FB140090869B /* Sources */ = {
			isa = PBXSourcesBuildPhase;
			buildActionMask = 2147483647;
			files = (
				A33E57AF2E0952C800A148FE /* ContentViewModel.swift in Sources */,
				A33E57FB2E09FA8B00A148FE /* LocationManager.swift in Sources */,
				A33E583C2E09FDB800A148FE /* WatchPreviewView.swift in Sources */,
				A33E58402E09FE5200A148FE /* Color+AppColors.swift in Sources */,
				A33E58212E09FC9D00A148FE /* WatchUnitSelectionView.swift in Sources */,
			);
			runOnlyForDeploymentPostprocessing = 0;
		};
		A33E57B82E09F5C900A148FE /* Sources */ = {
			isa = PBXSourcesBuildPhase;
			buildActionMask = 2147483647;
			files = (
				A33E580B2E09FAF800A148FE /* ContentViewModel.swift in Sources */,
				A33E583D2E09FDB800A148FE /* WatchPreviewView.swift in Sources */,
				A33E58162E09FBAD00A148FE /* LocationManager.swift in Sources */,
				A33E58412E09FE5200A148FE /* Color+AppColors.swift in Sources */,
				A33E583E2E09FDEE00A148FE /* WatchUnitSelectionView.swift in Sources */,
			);
			runOnlyForDeploymentPostprocessing = 0;
		};
/* End PBXSourcesBuildPhase section */

/* Begin PBXTargetDependency section */
		A33E57C82E09F5E000A148FE /* PBXTargetDependency */ = {
			isa = PBXTargetDependency;
			target = A33E57BB2E09F5C900A148FE /* TemperatureConversorWatchApp Watch App */;
			targetProxy = A33E57C72E09F5E000A148FE /* PBXContainerItemProxy */;
		};
/* End PBXTargetDependency section */

/* Begin XCBuildConfiguration section */
		A30DC1762E05FB160090869B /* Debug */ = {
			isa = XCBuildConfiguration;
			buildSettings = {
				ALWAYS_SEARCH_USER_PATHS = NO;
				ASSETCATALOG_COMPILER_GENERATE_SWIFT_ASSET_SYMBOL_EXTENSIONS = YES;
				CLANG_ANALYZER_NONNULL = YES;
				CLANG_ANALYZER_NUMBER_OBJECT_CONVERSION = YES_AGGRESSIVE;
				CLANG_CXX_LANGUAGE_STANDARD = "gnu++20";
				CLANG_ENABLE_MODULES = YES;
				CLANG_ENABLE_OBJC_ARC = YES;
				CLANG_ENABLE_OBJC_WEAK = YES;
				CLANG_WARN_BLOCK_CAPTURE_AUTORELEASING = YES;
				CLANG_WARN_BOOL_CONVERSION = YES;
				CLANG_WARN_COMMA = YES;
				CLANG_WARN_CONSTANT_CONVERSION = YES;
				CLANG_WARN_DEPRECATED_OBJC_IMPLEMENTATIONS = YES;
				CLANG_WARN_DIRECT_OBJC_ISA_USAGE = YES_ERROR;
				CLANG_WARN_DOCUMENTATION_COMMENTS = YES;
				CLANG_WARN_EMPTY_BODY = YES;
				CLANG_WARN_ENUM_CONVERSION = YES;
				CLANG_WARN_INFINITE_RECURSION = YES;
				CLANG_WARN_INT_CONVERSION = YES;
				CLANG_WARN_NON_LITERAL_NULL_CONVERSION = YES;
				CLANG_WARN_OBJC_IMPLICIT_RETAIN_SELF = YES;
				CLANG_WARN_OBJC_LITERAL_CONVERSION = YES;
				CLANG_WARN_OBJC_ROOT_CLASS = YES_ERROR;
				CLANG_WARN_QUOTED_INCLUDE_IN_FRAMEWORK_HEADER = YES;
				CLANG_WARN_RANGE_LOOP_ANALYSIS = YES;
				CLANG_WARN_STRICT_PROTOTYPES = YES;
				CLANG_WARN_SUSPICIOUS_MOVE = YES;
				CLANG_WARN_UNGUARDED_AVAILABILITY = YES_AGGRESSIVE;
				CLANG_WARN_UNREACHABLE_CODE = YES;
				CLANG_WARN__DUPLICATE_METHOD_MATCH = YES;
				COPY_PHASE_STRIP = NO;
				DEBUG_INFORMATION_FORMAT = dwarf;
				ENABLE_STRICT_OBJC_MSGSEND = YES;
				ENABLE_TESTABILITY = YES;
				ENABLE_USER_SCRIPT_SANDBOXING = YES;
				GCC_C_LANGUAGE_STANDARD = gnu17;
				GCC_DYNAMIC_NO_PIC = NO;
				GCC_NO_COMMON_BLOCKS = YES;
				GCC_OPTIMIZATION_LEVEL = 0;
				GCC_PREPROCESSOR_DEFINITIONS = (
					"DEBUG=1",
					"$(inherited)",
				);
				GCC_WARN_64_TO_32_BIT_CONVERSION = YES;
				GCC_WARN_ABOUT_RETURN_TYPE = YES_ERROR;
				GCC_WARN_UNDECLARED_SELECTOR = YES;
				GCC_WARN_UNINITIALIZED_AUTOS = YES_AGGRESSIVE;
				GCC_WARN_UNUSED_FUNCTION = YES;
				GCC_WARN_UNUSED_VARIABLE = YES;
				IPHONEOS_DEPLOYMENT_TARGET = 18.2;
				LOCALIZATION_PREFERS_STRING_CATALOGS = YES;
				MTL_ENABLE_DEBUG_INFO = INCLUDE_SOURCE;
				MTL_FAST_MATH = YES;
				ONLY_ACTIVE_ARCH = YES;
				SDKROOT = iphoneos;
				SWIFT_ACTIVE_COMPILATION_CONDITIONS = "DEBUG $(inherited)";
				SWIFT_OPTIMIZATION_LEVEL = "-Onone";
			};
			name = Debug;
		};
		A30DC1772E05FB160090869B /* Release */ = {
			isa = XCBuildConfiguration;
			buildSettings = {
				ALWAYS_SEARCH_USER_PATHS = NO;
				ASSETCATALOG_COMPILER_GENERATE_SWIFT_ASSET_SYMBOL_EXTENSIONS = YES;
				CLANG_ANALYZER_NONNULL = YES;
				CLANG_ANALYZER_NUMBER_OBJECT_CONVERSION = YES_AGGRESSIVE;
				CLANG_CXX_LANGUAGE_STANDARD = "gnu++20";
				CLANG_ENABLE_MODULES = YES;
				CLANG_ENABLE_OBJC_ARC = YES;
				CLANG_ENABLE_OBJC_WEAK = YES;
				CLANG_WARN_BLOCK_CAPTURE_AUTORELEASING = YES;
				CLANG_WARN_BOOL_CONVERSION = YES;
				CLANG_WARN_COMMA = YES;
				CLANG_WARN_CONSTANT_CONVERSION = YES;
				CLANG_WARN_DEPRECATED_OBJC_IMPLEMENTATIONS = YES;
				CLANG_WARN_DIRECT_OBJC_ISA_USAGE = YES_ERROR;
				CLANG_WARN_DOCUMENTATION_COMMENTS = YES;
				CLANG_WARN_EMPTY_BODY = YES;
				CLANG_WARN_ENUM_CONVERSION = YES;
				CLANG_WARN_INFINITE_RECURSION = YES;
				CLANG_WARN_INT_CONVERSION = YES;
				CLANG_WARN_NON_LITERAL_NULL_CONVERSION = YES;
				CLANG_WARN_OBJC_IMPLICIT_RETAIN_SELF = YES;
				CLANG_WARN_OBJC_LITERAL_CONVERSION = YES;
				CLANG_WARN_OBJC_ROOT_CLASS = YES_ERROR;
				CLANG_WARN_QUOTED_INCLUDE_IN_FRAMEWORK_HEADER = YES;
				CLANG_WARN_RANGE_LOOP_ANALYSIS = YES;
				CLANG_WARN_STRICT_PROTOTYPES = YES;
				CLANG_WARN_SUSPICIOUS_MOVE = YES;
				CLANG_WARN_UNGUARDED_AVAILABILITY = YES_AGGRESSIVE;
				CLANG_WARN_UNREACHABLE_CODE = YES;
				CLANG_WARN__DUPLICATE_METHOD_MATCH = YES;
				COPY_PHASE_STRIP = NO;
				DEBUG_INFORMATION_FORMAT = "dwarf-with-dsym";
				ENABLE_NS_ASSERTIONS = NO;
				ENABLE_STRICT_OBJC_MSGSEND = YES;
				ENABLE_USER_SCRIPT_SANDBOXING = YES;
				GCC_C_LANGUAGE_STANDARD = gnu17;
				GCC_NO_COMMON_BLOCKS = YES;
				GCC_WARN_64_TO_32_BIT_CONVERSION = YES;
				GCC_WARN_ABOUT_RETURN_TYPE = YES_ERROR;
				GCC_WARN_UNDECLARED_SELECTOR = YES;
				GCC_WARN_UNINITIALIZED_AUTOS = YES_AGGRESSIVE;
				GCC_WARN_UNUSED_FUNCTION = YES;
				GCC_WARN_UNUSED_VARIABLE = YES;
				IPHONEOS_DEPLOYMENT_TARGET = 18.2;
				LOCALIZATION_PREFERS_STRING_CATALOGS = YES;
				MTL_ENABLE_DEBUG_INFO = NO;
				MTL_FAST_MATH = YES;
				SDKROOT = iphoneos;
				SWIFT_COMPILATION_MODE = wholemodule;
				VALIDATE_PRODUCT = YES;
			};
			name = Release;
		};
		A30DC1792E05FB160090869B /* Debug */ = {
			isa = XCBuildConfiguration;
			buildSettings = {
				ASSETCATALOG_COMPILER_APPICON_NAME = AppIcon;
				ASSETCATALOG_COMPILER_GLOBAL_ACCENT_COLOR_NAME = AccentColor;
				CODE_SIGN_STYLE = Automatic;
				CURRENT_PROJECT_VERSION = 1;
				DEVELOPMENT_ASSET_PATHS = "\"TemperatureConversor/Preview Content\"";
				DEVELOPMENT_TEAM = V7R5AT8JCX;
				ENABLE_PREVIEWS = YES;
				GENERATE_INFOPLIST_FILE = YES;
				INFOPLIST_KEY_NSLocationWhenInUseUsageDescription = "We use your location to show the current temperature.";
				INFOPLIST_KEY_UIApplicationSceneManifest_Generation = YES;
				INFOPLIST_KEY_UIApplicationSupportsIndirectInputEvents = YES;
				INFOPLIST_KEY_UILaunchScreen_Generation = YES;
				INFOPLIST_KEY_UISupportedInterfaceOrientations_iPad = "UIInterfaceOrientationPortrait UIInterfaceOrientationPortraitUpsideDown UIInterfaceOrientationLandscapeLeft UIInterfaceOrientationLandscapeRight";
				INFOPLIST_KEY_UISupportedInterfaceOrientations_iPhone = "UIInterfaceOrientationPortrait UIInterfaceOrientationLandscapeLeft UIInterfaceOrientationLandscapeRight";
				LD_RUNPATH_SEARCH_PATHS = (
					"$(inherited)",
					"@executable_path/Frameworks",
				);
				MARKETING_VERSION = 1.0;
				PRODUCT_BUNDLE_IDENTIFIER = com.ViewControllerClass.TemperatureConversor;
				PRODUCT_NAME = "$(TARGET_NAME)";
				SWIFT_EMIT_LOC_STRINGS = YES;
				SWIFT_VERSION = 5.0;
				TARGETED_DEVICE_FAMILY = "1,2";
			};
			name = Debug;
		};
		A30DC17A2E05FB160090869B /* Release */ = {
			isa = XCBuildConfiguration;
			buildSettings = {
				ASSETCATALOG_COMPILER_APPICON_NAME = AppIcon;
				ASSETCATALOG_COMPILER_GLOBAL_ACCENT_COLOR_NAME = AccentColor;
				CODE_SIGN_STYLE = Automatic;
				CURRENT_PROJECT_VERSION = 1;
				DEVELOPMENT_ASSET_PATHS = "\"TemperatureConversor/Preview Content\"";
				DEVELOPMENT_TEAM = V7R5AT8JCX;
				ENABLE_PREVIEWS = YES;
				GENERATE_INFOPLIST_FILE = YES;
				INFOPLIST_KEY_NSLocationWhenInUseUsageDescription = "We use your location to show the current temperature.";
				INFOPLIST_KEY_UIApplicationSceneManifest_Generation = YES;
				INFOPLIST_KEY_UIApplicationSupportsIndirectInputEvents = YES;
				INFOPLIST_KEY_UILaunchScreen_Generation = YES;
				INFOPLIST_KEY_UISupportedInterfaceOrientations_iPad = "UIInterfaceOrientationPortrait UIInterfaceOrientationPortraitUpsideDown UIInterfaceOrientationLandscapeLeft UIInterfaceOrientationLandscapeRight";
				INFOPLIST_KEY_UISupportedInterfaceOrientations_iPhone = "UIInterfaceOrientationPortrait UIInterfaceOrientationLandscapeLeft UIInterfaceOrientationLandscapeRight";
				LD_RUNPATH_SEARCH_PATHS = (
					"$(inherited)",
					"@executable_path/Frameworks",
				);
				MARKETING_VERSION = 1.0;
				PRODUCT_BUNDLE_IDENTIFIER = com.ViewControllerClass.TemperatureConversor;
				PRODUCT_NAME = "$(TARGET_NAME)";
				SWIFT_EMIT_LOC_STRINGS = YES;
				SWIFT_VERSION = 5.0;
				TARGETED_DEVICE_FAMILY = "1,2";
			};
			name = Release;
		};
		A33E57CB2E09F5E000A148FE /* Debug */ = {
			isa = XCBuildConfiguration;
			buildSettings = {
				ASSETCATALOG_COMPILER_APPICON_NAME = AppIcon;
				ASSETCATALOG_COMPILER_GLOBAL_ACCENT_COLOR_NAME = AccentColor;
				CODE_SIGN_STYLE = Automatic;
				CURRENT_PROJECT_VERSION = 1;
				DEVELOPMENT_ASSET_PATHS = "\"TemperatureConversorWatchApp Watch App/Preview Content\"";
				DEVELOPMENT_TEAM = V7R5AT8JCX;
				ENABLE_PREVIEWS = YES;
				GENERATE_INFOPLIST_FILE = YES;
				INFOPLIST_KEY_CFBundleDisplayName = TemperatureConversor;
				INFOPLIST_KEY_NSLocationWhenInUseUsageDescription = "We use your location to show the current temperature.";
				INFOPLIST_KEY_UISupportedInterfaceOrientations = "UIInterfaceOrientationPortrait UIInterfaceOrientationPortraitUpsideDown";
				INFOPLIST_KEY_WKCompanionAppBundleIdentifier = com.ViewControllerClass.TemperatureConversor;
				LD_RUNPATH_SEARCH_PATHS = (
					"$(inherited)",
					"@executable_path/Frameworks",
				);
				MARKETING_VERSION = 1.0;
				PRODUCT_BUNDLE_IDENTIFIER = com.ViewControllerClass.TemperatureConversor.watchkitapp;
				PRODUCT_NAME = "$(TARGET_NAME)";
				SDKROOT = watchos;
				SKIP_INSTALL = YES;
				SWIFT_EMIT_LOC_STRINGS = YES;
				SWIFT_VERSION = 5.0;
				TARGETED_DEVICE_FAMILY = 4;
				WATCHOS_DEPLOYMENT_TARGET = 11.2;
			};
			name = Debug;
		};
		A33E57CC2E09F5E000A148FE /* Release */ = {
			isa = XCBuildConfiguration;
			buildSettings = {
				ASSETCATALOG_COMPILER_APPICON_NAME = AppIcon;
				ASSETCATALOG_COMPILER_GLOBAL_ACCENT_COLOR_NAME = AccentColor;
				CODE_SIGN_STYLE = Automatic;
				CURRENT_PROJECT_VERSION = 1;
				DEVELOPMENT_ASSET_PATHS = "\"TemperatureConversorWatchApp Watch App/Preview Content\"";
				DEVELOPMENT_TEAM = V7R5AT8JCX;
				ENABLE_PREVIEWS = YES;
				GENERATE_INFOPLIST_FILE = YES;
				INFOPLIST_KEY_CFBundleDisplayName = TemperatureConversor;
				INFOPLIST_KEY_NSLocationWhenInUseUsageDescription = "We use your location to show the current temperature.";
				INFOPLIST_KEY_UISupportedInterfaceOrientations = "UIInterfaceOrientationPortrait UIInterfaceOrientationPortraitUpsideDown";
				INFOPLIST_KEY_WKCompanionAppBundleIdentifier = com.ViewControllerClass.TemperatureConversor;
				LD_RUNPATH_SEARCH_PATHS = (
					"$(inherited)",
					"@executable_path/Frameworks",
				);
				MARKETING_VERSION = 1.0;
				PRODUCT_BUNDLE_IDENTIFIER = com.ViewControllerClass.TemperatureConversor.watchkitapp;
				PRODUCT_NAME = "$(TARGET_NAME)";
				SDKROOT = watchos;
				SKIP_INSTALL = YES;
				SWIFT_EMIT_LOC_STRINGS = YES;
				SWIFT_VERSION = 5.0;
				TARGETED_DEVICE_FAMILY = 4;
				WATCHOS_DEPLOYMENT_TARGET = 11.2;
			};
			name = Release;
		};
/* End XCBuildConfiguration section */

/* Begin XCConfigurationList section */
		A30DC1652E05FB140090869B /* Build configuration list for PBXProject "TemperatureConversor" */ = {
			isa = XCConfigurationList;
			buildConfigurations = (
				A30DC1762E05FB160090869B /* Debug */,
				A30DC1772E05FB160090869B /* Release */,
			);
			defaultConfigurationIsVisible = 0;
			defaultConfigurationName = Release;
		};
		A30DC1782E05FB160090869B /* Build configuration list for PBXNativeTarget "TemperatureConversor" */ = {
			isa = XCConfigurationList;
			buildConfigurations = (
				A30DC1792E05FB160090869B /* Debug */,
				A30DC17A2E05FB160090869B /* Release */,
			);
			defaultConfigurationIsVisible = 0;
			defaultConfigurationName = Release;
		};
		A33E57CA2E09F5E000A148FE /* Build configuration list for PBXNativeTarget "TemperatureConversorWatchApp Watch App" */ = {
			isa = XCConfigurationList;
			buildConfigurations = (
				A33E57CB2E09F5E000A148FE /* Debug */,
				A33E57CC2E09F5E000A148FE /* Release */,
			);
			defaultConfigurationIsVisible = 0;
			defaultConfigurationName = Release;
		};
/* End XCConfigurationList section */
	};
	rootObject = A30DC1622E05FB140090869B /* Project object */;
}
